
Microsoft Visual Studio Solution File, Format Version 12.00
# Visual Studio Version 17
VisualStudioVersion = 17.14.36518.9
MinimumVisualStudioVersion = 10.0.40219.1
Project("{8BC9CEB8-8B4A-11D0-8D11-00A0C91BC942}") = "self testing", "self testing.vcxproj", "{476888B1-F988-47AE-A14B-43A28DF3854C}"
EndProject
Global
	GlobalSection(SolutionConfigurationPlatforms) = preSolution
		allow time|x64 = allow time|x64
		allow time|x86 = allow time|x86
		Debug|x64 = Debug|x64
		Debug|x86 = Debug|x86
		Release|x64 = Release|x64
		Release|x86 = Release|x86
	EndGlobalSection
	GlobalSection(ProjectConfigurationPlatforms) = postSolution
		{476888B1-F988-47AE-A14B-43A28DF3854C}.allow time|x64.ActiveCfg = allow time|x64
		{476888B1-F988-47AE-A14B-43A28DF3854C}.allow time|x64.Build.0 = allow time|x64
		{476888B1-F988-47AE-A14B-43A28DF3854C}.allow time|x86.ActiveCfg = allow time|Win32
		{476888B1-F988-47AE-A14B-43A28DF3854C}.allow time|x86.Build.0 = allow time|Win32
		{476888B1-F988-47AE-A14B-43A28DF3854C}.Debug|x64.ActiveCfg = Debug|x64
		{476888B1-F988-47AE-A14B-43A28DF3854C}.Debug|x64.Build.0 = Debug|x64
		{476888B1-F988-47AE-A14B-43A28DF3854C}.Debug|x86.ActiveCfg = Debug|Win32
		{476888B1-F988-47AE-A14B-43A28DF3854C}.Debug|x86.Build.0 = Debug|Win32
		{476888B1-F988-47AE-A14B-43A28DF3854C}.Release|x64.ActiveCfg = Release|x64
		{476888B1-F988-47AE-A14B-43A28DF3854C}.Release|x64.Build.0 = Release|x64
		{476888B1-F988-47AE-A14B-43A28DF3854C}.Release|x86.ActiveCfg = Release|Win32
		{476888B1-F988-47AE-A14B-43A28DF3854C}.Release|x86.Build.0 = Release|Win32
	EndGlobalSection
	GlobalSection(SolutionProperties) = preSolution
		HideSolutionNode = FALSE
	EndGlobalSection
	GlobalSection(ExtensibilityGlobals) = postSolution
		SolutionGuid = {82C72DA1-216B-43B2-9CA5-B35AA072843C}
	EndGlobalSection
EndGlobal
